
Microsoft Visual Studio Solution File, Format Version 12.00
# Visual Studio Version 17
VisualStudioVersion = 17.6.33829.357
MinimumVisualStudioVersion = 10.0.40219.1
Project("{FAE04EC0-301F-11D3-BF4B-00C04F79EFBC}") = "RedisSteamExample", "RedisSteamExample.csproj", "{C8AA8DED-DFF0-415D-84DB-93A076A112CA}"
EndProject
Global
	GlobalSection(SolutionConfigurationPlatforms) = preSolution
		Debug|Any CPU = Debug|Any CPU
		Release|Any CPU = Release|Any CPU
	EndGlobalSection
	GlobalSection(ProjectConfigurationPlatforms) = postSolution
		{C8AA8DED-DFF0-415D-84DB-93A076A112CA}.Debug|Any CPU.ActiveCfg = Debug|Any CPU
		{C8AA8DED-DFF0-415D-84DB-93A076A112CA}.Debug|Any CPU.Build.0 = Debug|Any CPU
		{C8AA8DED-DFF0-415D-84DB-93A076A112CA}.Release|Any CPU.ActiveCfg = Release|Any CPU
		{C8AA8DED-DFF0-415D-84DB-93A076A112CA}.Release|Any CPU.Build.0 = Release|Any CPU
	EndGlobalSection
	GlobalSection(SolutionProperties) = preSolution
		HideSolutionNode = FALSE
	EndGlobalSection
	GlobalSection(ExtensibilityGlobals) = postSolution
		SolutionGuid = {8C5009F4-BB36-4313-89C4-15582E0AEED9}
	EndGlobalSection
EndGlobal
